
Microsoft Visual Studio Solution File, Format Version 12.00
# Visual Studio Version 16
VisualStudioVersion = 16.0.31613.86
MinimumVisualStudioVersion = 10.0.40219.1
Project("{FAE04EC0-301F-11D3-BF4B-00C04F79EFBC}") = "ApiCatalogoJogos", "ApiCatalogoJogos\ApiCatalogoJogos.csproj", "{B84FE09C-396E-436E-A345-422561D3DAAA}"
EndProject
Global
	GlobalSection(SolutionConfigurationPlatforms) = preSolution
		Debug|Any CPU = Debug|Any CPU
		Release|Any CPU = Release|Any CPU
	EndGlobalSection
	GlobalSection(ProjectConfigurationPlatforms) = postSolution
		{B84FE09C-396E-436E-A345-422561D3DAAA}.Debug|Any CPU.ActiveCfg = Debug|Any CPU
		{B84FE09C-396E-436E-A345-422561D3DAAA}.Debug|Any CPU.Build.0 = Debug|Any CPU
		{B84FE09C-396E-436E-A345-422561D3DAAA}.Release|Any CPU.ActiveCfg = Release|Any CPU
		{B84FE09C-396E-436E-A345-422561D3DAAA}.Release|Any CPU.Build.0 = Release|Any CPU
	EndGlobalSection
	GlobalSection(SolutionProperties) = preSolution
		HideSolutionNode = FALSE
	EndGlobalSection
	GlobalSection(ExtensibilityGlobals) = postSolution
		SolutionGuid = {7E02D4E3-D5E0-4FAB-9A0F-FDA49146E7D9}
	EndGlobalSection
EndGlobal
